
Microsoft Visual Studio Solution File, Format Version 12.00
# Visual Studio Version 17
VisualStudioVersion = 17.10.35013.160
MinimumVisualStudioVersion = 10.0.40219.1
Project("{FAE04EC0-301F-11D3-BF4B-00C04F79EFBC}") = "LOGIN", "LOGIN.csproj", "{FCAA8FBC-E5E1-4168-B626-0547425947A4}"
EndProject
Global
	GlobalSection(SolutionConfigurationPlatforms) = preSolution
		Debug|Any CPU = Debug|Any CPU
		Release|Any CPU = Release|Any CPU
	EndGlobalSection
	GlobalSection(ProjectConfigurationPlatforms) = postSolution
		{FCAA8FBC-E5E1-4168-B626-0547425947A4}.Debug|Any CPU.ActiveCfg = Debug|Any CPU
		{FCAA8FBC-E5E1-4168-B626-0547425947A4}.Debug|Any CPU.Build.0 = Debug|Any CPU
		{FCAA8FBC-E5E1-4168-B626-0547425947A4}.Release|Any CPU.ActiveCfg = Release|Any CPU
		{FCAA8FBC-E5E1-4168-B626-0547425947A4}.Release|Any CPU.Build.0 = Release|Any CPU
	EndGlobalSection
	GlobalSection(SolutionProperties) = preSolution
		HideSolutionNode = FALSE
	EndGlobalSection
	GlobalSection(ExtensibilityGlobals) = postSolution
		SolutionGuid = {F23DCF97-C560-4FBE-B2E6-02D84B328372}
	EndGlobalSection
EndGlobal
